// !$*UTF8*$!
{
	archiveVersion = 1;
	classes = {
	};
	objectVersion = 56;
	objects = {

/* Begin PBXBuildFile section */
		00000001 /* MicroSkillApp.swift in Sources */ = {isa = PBXBuildFile; fileRef = 10000001 /* MicroSkillApp.swift */; };
		00000002 /* RootView.swift in Sources */ = {isa = PBXBuildFile; fileRef = 10000002 /* RootView.swift */; };
		00000003 /* SplashView.swift in Sources */ = {isa = PBXBuildFile; fileRef = 10000003 /* SplashView.swift */; };
		00000004 /* OnboardingView.swift in Sources */ = {isa = PBXBuildFile; fileRef = 10000004 /* OnboardingView.swift */; };
		00000005 /* HomeView.swift in Sources */ = {isa = PBXBuildFile; fileRef = 10000005 /* HomeView.swift */; };
		00000006 /* DataModels.swift in Sources */ = {isa = PBXBuildFile; fileRef = 10000006 /* DataModels.swift */; };
		00000007 /* MainTabView.swift in Sources */ = {isa = PBXBuildFile; fileRef = 10000007 /* MainTabView.swift */; };
		00000008 /* CategoriesView.swift in Sources */ = {isa = PBXBuildFile; fileRef = 10000008 /* CategoriesView.swift */; };
		00000009 /* LessonListView.swift in Sources */ = {isa = PBXBuildFile; fileRef = 10000009 /* LessonListView.swift */; };
		0000000A /* ProgressDashboardView.swift in Sources */ = {isa = PBXBuildFile; fileRef = 1000000A /* ProgressDashboardView.swift */; };
		0000000B /* SavedView.swift in Sources */ = {isa = PBXBuildFile; fileRef = 1000000B /* SavedView.swift */; };
		0000000C /* ProfileView.swift in Sources */ = {isa = PBXBuildFile; fileRef = 1000000C /* ProfileView.swift */; };
		0000000D /* DummyData.swift in Sources */ = {isa = PBXBuildFile; fileRef = 1000000D /* DummyData.swift */; };
		0000000E /* Theme.swift in Sources */ = {isa = PBXBuildFile; fileRef = 1000000E /* Theme.swift */; };
		0000000F /* CoreDataStack.swift in Sources */ = {isa = PBXBuildFile; fileRef = 1000000F /* CoreDataStack.swift */; };
		00000010 /* DataStore.swift in Sources */ = {isa = PBXBuildFile; fileRef = 10000010 /* DataStore.swift */; };
		00000011 /* LessonDetailView.swift in Sources */ = {isa = PBXBuildFile; fileRef = 10000011 /* LessonDetailView.swift */; };
		00000012 /* QuizView.swift in Sources */ = {isa = PBXBuildFile; fileRef = 10000012 /* QuizView.swift */; };
		00000013 /* LearningPathView.swift in Sources */ = {isa = PBXBuildFile; fileRef = 10000013 /* LearningPathView.swift */; };
		00000014 /* QuizResultView.swift in Sources */ = {isa = PBXBuildFile; fileRef = 10000014 /* QuizResultView.swift */; };
		00000015 /* InsightsView.swift in Sources */ = {isa = PBXBuildFile; fileRef = 10000015 /* InsightsView.swift */; };
		00000016 /* SettingsView.swift in Sources */ = {isa = PBXBuildFile; fileRef = 10000016 /* SettingsView.swift */; };
		00000017 /* NotificationManager.swift in Sources */ = {isa = PBXBuildFile; fileRef = 10000017 /* NotificationManager.swift */; };
		00000018 /* BiometricAuthManager.swift in Sources */ = {isa = PBXBuildFile; fileRef = 10000018 /* BiometricAuthManager.swift */; };
		0000001B /* CoreData.framework in Frameworks */ = {isa = PBXBuildFile; fileRef = 1000001B /* CoreData.framework */; };
		0000001C /* Charts.framework in Frameworks */ = {isa = PBXBuildFile; fileRef = 1000001C /* Charts.framework */; };
		0000001D /* LocalAuthentication.framework in Frameworks */ = {isa = PBXBuildFile; fileRef = 1000001D /* LocalAuthentication.framework */; };
		0000001E /* WidgetKit.framework in Frameworks */ = {isa = PBXBuildFile; fileRef = 1000001E /* WidgetKit.framework */; };
		0000001F /* CoreLocation.framework in Frameworks */ = {isa = PBXBuildFile; fileRef = 1000001F /* CoreLocation.framework */; };
		00000020 /* LocationManager.swift in Sources */ = {isa = PBXBuildFile; fileRef = 10000020 /* LocationManager.swift */; };
		00000021 /* LearningModel.swift in Sources */ = {isa = PBXBuildFile; fileRef = 10000021 /* LearningModel.swift */; };
		00000022 /* MicroSkillWidget.swift in Sources */ = {isa = PBXBuildFile; fileRef = 10000019 /* MicroSkillWidget.swift */; };
		00000023 /* MicroSkillWidgetBundle.swift in Sources */ = {isa = PBXBuildFile; fileRef = 1000001A /* MicroSkillWidgetBundle.swift */; };
		00000024 /* WidgetKit.framework in Frameworks */ = {isa = PBXBuildFile; fileRef = 1000001E /* WidgetKit.framework */; };
		00000025 /* MicroSkillWidgetExtension.appex in Embed App Extensions */ = {isa = PBXBuildFile; fileRef = 20000003 /* MicroSkillWidgetExtension.appex */; settings = {ATTRIBUTES = (RemoveHeadersOnCopy, ); }; };
		00000026 /* CoreMLLearningPredictor.swift in Sources */ = {isa = PBXBuildFile; fileRef = 10000025 /* CoreMLLearningPredictor.swift */; };
		00000027 /* CoreML.framework in Frameworks */ = {isa = PBXBuildFile; fileRef = 10000026 /* CoreML.framework */; };
		00000028 /* AppAccessibilitySettings.swift in Sources */ = {isa = PBXBuildFile; fileRef = 10000027 /* AppAccessibilitySettings.swift */; };
/* End PBXBuildFile section */

/* Begin PBXContainerItemProxy section */
		60000004 /* PBXContainerItemProxy */ = {
			isa = PBXContainerItemProxy;
			containerPortal = 90000001 /* Project object */;
			proxyType = 1;
			remoteGlobalIDString = 60000002;
			remoteInfo = MicroSkillWidgetExtension;
		};
/* End PBXContainerItemProxy section */

/* Begin PBXFileReference section */
		10000001 /* MicroSkillApp.swift */ = {isa = PBXFileReference; lastKnownFileType = sourcecode.swift; path = MicroSkillApp.swift; sourceTree = "<group>"; };
		10000002 /* RootView.swift */ = {isa = PBXFileReference; lastKnownFileType = sourcecode.swift; path = RootView.swift; sourceTree = "<group>"; };
		10000003 /* SplashView.swift */ = {isa = PBXFileReference; lastKnownFileType = sourcecode.swift; path = SplashView.swift; sourceTree = "<group>"; };
		10000004 /* OnboardingView.swift */ = {isa = PBXFileReference; lastKnownFileType = sourcecode.swift; path = OnboardingView.swift; sourceTree = "<group>"; };
		10000005 /* HomeView.swift */ = {isa = PBXFileReference; lastKnownFileType = sourcecode.swift; path = HomeView.swift; sourceTree = "<group>"; };
		10000006 /* DataModels.swift */ = {isa = PBXFileReference; lastKnownFileType = sourcecode.swift; path = DataModels.swift; sourceTree = "<group>"; };
		10000007 /* MainTabView.swift */ = {isa = PBXFileReference; lastKnownFileType = sourcecode.swift; path = MainTabView.swift; sourceTree = "<group>"; };
		10000008 /* CategoriesView.swift */ = {isa = PBXFileReference; lastKnownFileType = sourcecode.swift; path = CategoriesView.swift; sourceTree = "<group>"; };
		10000009 /* LessonListView.swift */ = {isa = PBXFileReference; lastKnownFileType = sourcecode.swift; path = LessonListView.swift; sourceTree = "<group>"; };
		1000000A /* ProgressDashboardView.swift */ = {isa = PBXFileReference; lastKnownFileType = sourcecode.swift; path = ProgressDashboardView.swift; sourceTree = "<group>"; };
		1000000B /* SavedView.swift */ = {isa = PBXFileReference; lastKnownFileType = sourcecode.swift; path = SavedView.swift; sourceTree = "<group>"; };
		1000000C /* ProfileView.swift */ = {isa = PBXFileReference; lastKnownFileType = sourcecode.swift; path = ProfileView.swift; sourceTree = "<group>"; };
		1000000D /* DummyData.swift */ = {isa = PBXFileReference; lastKnownFileType = sourcecode.swift; path = DummyData.swift; sourceTree = "<group>"; };
		1000000E /* Theme.swift */ = {isa = PBXFileReference; lastKnownFileType = sourcecode.swift; path = Theme.swift; sourceTree = "<group>"; };
		1000000F /* CoreDataStack.swift */ = {isa = PBXFileReference; lastKnownFileType = sourcecode.swift; name = CoreDataStack.swift; path = CoreData/CoreDataStack.swift; sourceTree = "<group>"; };
		10000010 /* DataStore.swift */ = {isa = PBXFileReference; lastKnownFileType = sourcecode.swift; name = DataStore.swift; path = ViewModels/DataStore.swift; sourceTree = "<group>"; };
		10000011 /* LessonDetailView.swift */ = {isa = PBXFileReference; lastKnownFileType = sourcecode.swift; path = LessonDetailView.swift; sourceTree = "<group>"; };
		10000012 /* QuizView.swift */ = {isa = PBXFileReference; lastKnownFileType = sourcecode.swift; path = QuizView.swift; sourceTree = "<group>"; };
		10000013 /* LearningPathView.swift */ = {isa = PBXFileReference; lastKnownFileType = sourcecode.swift; path = LearningPathView.swift; sourceTree = "<group>"; };
		10000014 /* QuizResultView.swift */ = {isa = PBXFileReference; lastKnownFileType = sourcecode.swift; path = QuizResultView.swift; sourceTree = "<group>"; };
		10000015 /* InsightsView.swift */ = {isa = PBXFileReference; lastKnownFileType = sourcecode.swift; path = InsightsView.swift; sourceTree = "<group>"; };
		10000016 /* SettingsView.swift */ = {isa = PBXFileReference; lastKnownFileType = sourcecode.swift; path = SettingsView.swift; sourceTree = "<group>"; };
		10000017 /* NotificationManager.swift */ = {isa = PBXFileReference; lastKnownFileType = sourcecode.swift; path = NotificationManager.swift; sourceTree = "<group>"; };
		10000018 /* BiometricAuthManager.swift */ = {isa = PBXFileReference; lastKnownFileType = sourcecode.swift; path = BiometricAuthManager.swift; sourceTree = "<group>"; };
		10000019 /* MicroSkillWidget.swift */ = {isa = PBXFileReference; lastKnownFileType = sourcecode.swift; name = MicroSkillWidget.swift; path = Widget/MicroSkillWidget.swift; sourceTree = "<group>"; };
		1000001A /* MicroSkillWidgetBundle.swift */ = {isa = PBXFileReference; lastKnownFileType = sourcecode.swift; name = MicroSkillWidgetBundle.swift; path = Widget/MicroSkillWidgetBundle.swift; sourceTree = "<group>"; };
		1000001B /* CoreData.framework */ = {isa = PBXFileReference; lastKnownFileType = wrapper.framework; name = CoreData.framework; path = System/Library/Frameworks/CoreData.framework; sourceTree = SDKROOT; };
		1000001C /* Charts.framework */ = {isa = PBXFileReference; lastKnownFileType = wrapper.framework; name = Charts.framework; path = System/Library/Frameworks/Charts.framework; sourceTree = SDKROOT; };
		1000001D /* LocalAuthentication.framework */ = {isa = PBXFileReference; lastKnownFileType = wrapper.framework; name = LocalAuthentication.framework; path = System/Library/Frameworks/LocalAuthentication.framework; sourceTree = SDKROOT; };
		1000001E /* WidgetKit.framework */ = {isa = PBXFileReference; lastKnownFileType = wrapper.framework; name = WidgetKit.framework; path = System/Library/Frameworks/WidgetKit.framework; sourceTree = SDKROOT; };
		1000001F /* CoreLocation.framework */ = {isa = PBXFileReference; lastKnownFileType = wrapper.framework; name = CoreLocation.framework; path = System/Library/Frameworks/CoreLocation.framework; sourceTree = SDKROOT; };
		10000020 /* LocationManager.swift */ = {isa = PBXFileReference; lastKnownFileType = sourcecode.swift; path = LocationManager.swift; sourceTree = "<group>"; };
		10000021 /* LearningModel.swift */ = {isa = PBXFileReference; lastKnownFileType = sourcecode.swift; path = LearningModel.swift; sourceTree = "<group>"; };
		10000022 /* MicroSkill.entitlements */ = {isa = PBXFileReference; lastKnownFileType = text.plist.entitlements; path = MicroSkill.entitlements; sourceTree = "<group>"; };
		10000023 /* Widget Info.plist */ = {isa = PBXFileReference; lastKnownFileType = text.plist.xml; name = "Widget Info.plist"; path = Widget/Info.plist; sourceTree = "<group>"; };
		10000024 /* MicroSkillWidgetExtension.entitlements */ = {isa = PBXFileReference; lastKnownFileType = text.plist.entitlements; name = MicroSkillWidgetExtension.entitlements; path = Widget/MicroSkillWidgetExtension.entitlements; sourceTree = "<group>"; };
		10000025 /* CoreMLLearningPredictor.swift */ = {isa = PBXFileReference; lastKnownFileType = sourcecode.swift; path = CoreMLLearningPredictor.swift; sourceTree = "<group>"; };
		10000026 /* CoreML.framework */ = {isa = PBXFileReference; lastKnownFileType = wrapper.framework; name = CoreML.framework; path = System/Library/Frameworks/CoreML.framework; sourceTree = SDKROOT; };
		10000027 /* AppAccessibilitySettings.swift */ = {isa = PBXFileReference; lastKnownFileType = sourcecode.swift; path = AppAccessibilitySettings.swift; sourceTree = "<group>"; };
		20000001 /* MicroSkill.app */ = {isa = PBXFileReference; explicitFileType = wrapper.application; includeInIndex = 0; path = MicroSkill.app; sourceTree = BUILT_PRODUCTS_DIR; };
		20000002 /* Info.plist */ = {isa = PBXFileReference; lastKnownFileType = text.plist.xml; path = Info.plist; sourceTree = "<group>"; };
		20000003 /* MicroSkillWidgetExtension.appex */ = {isa = PBXFileReference; explicitFileType = "wrapper.app-extension"; includeInIndex = 0; path = MicroSkillWidgetExtension.appex; sourceTree = BUILT_PRODUCTS_DIR; };
/* End PBXFileReference section */

/* Begin PBXCopyFilesBuildPhase section */
		30000003 /* Embed App Extensions */ = {
			isa = PBXCopyFilesBuildPhase;
			buildActionMask = 2147483647;
			dstPath = "";
			dstSubfolderSpec = 13;
			files = (
				00000025 /* MicroSkillWidgetExtension.appex in Embed App Extensions */,
			);
			name = "Embed App Extensions";
			runOnlyForDeploymentPostprocessing = 0;
		};
/* End PBXCopyFilesBuildPhase section */

/* Begin PBXFrameworksBuildPhase section */
		30000001 /* Frameworks */ = {
			isa = PBXFrameworksBuildPhase;
			buildActionMask = 2147483647;
			files = (
				0000001B /* CoreData.framework in Frameworks */,
				0000001C /* Charts.framework in Frameworks */,
				0000001D /* LocalAuthentication.framework in Frameworks */,
				0000001E /* WidgetKit.framework in Frameworks */,
				0000001F /* CoreLocation.framework in Frameworks */,
				00000027 /* CoreML.framework in Frameworks */,
			);
			runOnlyForDeploymentPostprocessing = 0;
		};
		30000002 /* Frameworks */ = {
			isa = PBXFrameworksBuildPhase;
			buildActionMask = 2147483647;
			files = (
				00000024 /* WidgetKit.framework in Frameworks */,
			);
			runOnlyForDeploymentPostprocessing = 0;
		};
/* End PBXFrameworksBuildPhase section */

/* Begin PBXGroup section */
		40000001 /* MicroSkill */ = {
			isa = PBXGroup;
			children = (
				10000001 /* MicroSkillApp.swift */,
				10000002 /* RootView.swift */,
				10000003 /* SplashView.swift */,
				10000004 /* OnboardingView.swift */,
				10000005 /* HomeView.swift */,
				10000006 /* DataModels.swift */,
				10000007 /* MainTabView.swift */,
				10000008 /* CategoriesView.swift */,
				1000000A /* ProgressDashboardView.swift */,
				1000000F /* CoreDataStack.swift */,
				1000000B /* SavedView.swift */,
				1000000C /* ProfileView.swift */,
				1000000D /* DummyData.swift */,
				10000010 /* DataStore.swift */,
				10000011 /* LessonDetailView.swift */,
				1000000E /* Theme.swift */,
				10000009 /* LessonListView.swift */,
				10000012 /* QuizView.swift */,
				10000013 /* LearningPathView.swift */,
				10000014 /* QuizResultView.swift */,
				10000015 /* InsightsView.swift */,
				10000016 /* SettingsView.swift */,
				10000017 /* NotificationManager.swift */,
				10000018 /* BiometricAuthManager.swift */,
				10000025 /* CoreMLLearningPredictor.swift */,
				10000027 /* AppAccessibilitySettings.swift */,
				10000019 /* MicroSkillWidget.swift */,
				1000001A /* MicroSkillWidgetBundle.swift */,
				10000023 /* Widget Info.plist */,
				10000024 /* MicroSkillWidgetExtension.entitlements */,
				10000020 /* LocationManager.swift */,
				10000021 /* LearningModel.swift */,
				20000002 /* Info.plist */,
				10000022 /* MicroSkill.entitlements */,
			);
			path = MicroSkill;
			sourceTree = "<group>";
		};
		40000002 /* Products */ = {
			isa = PBXGroup;
			children = (
				20000001 /* MicroSkill.app */,
				20000003 /* MicroSkillWidgetExtension.appex */,
			);
			name = Products;
			sourceTree = "<group>";
		};
		40000003 /* Frameworks */ = {
			isa = PBXGroup;
			children = (
				1000001B /* CoreData.framework */,
				1000001C /* Charts.framework */,
				1000001D /* LocalAuthentication.framework */,
				1000001E /* WidgetKit.framework */,
				1000001F /* CoreLocation.framework */,
				10000026 /* CoreML.framework */,
			);
			name = Frameworks;
			sourceTree = "<group>";
		};
		50000001 = {
			isa = PBXGroup;
			children = (
				40000001 /* MicroSkill */,
				40000002 /* Products */,
				40000003 /* Frameworks */,
			);
			sourceTree = "<group>";
		};
/* End PBXGroup section */

/* Begin PBXNativeTarget section */
		60000001 /* MicroSkill */ = {
			isa = PBXNativeTarget;
			buildConfigurationList = 70000001 /* Build configuration list for PBXNativeTarget "MicroSkill" */;
			buildPhases = (
				80000001 /* Sources */,
				30000001 /* Frameworks */,
				30000003 /* Embed App Extensions */,
			);
			buildRules = (
			);
			dependencies = (
				60000003 /* PBXTargetDependency */,
			);
			name = MicroSkill;
			productName = MicroSkill;
			productReference = 20000001 /* MicroSkill.app */;
			productType = "com.apple.product-type.application";
		};
		60000002 /* MicroSkillWidgetExtension */ = {
			isa = PBXNativeTarget;
			buildConfigurationList = 70000007 /* Build configuration list for PBXNativeTarget "MicroSkillWidgetExtension" */;
			buildPhases = (
				80000002 /* Sources */,
				30000002 /* Frameworks */,
			);
			buildRules = (
			);
			dependencies = (
			);
			name = MicroSkillWidgetExtension;
			productName = MicroSkillWidgetExtension;
			productReference = 20000003 /* MicroSkillWidgetExtension.appex */;
			productType = "com.apple.product-type.app-extension";
		};
/* End PBXNativeTarget section */

/* Begin PBXProject section */
		90000001 /* Project object */ = {
			isa = PBXProject;
			attributes = {
				LastSwiftUpdateCheck = 1540;
				LastUpgradeCheck = 1540;
				TargetAttributes = {
					60000001 = {
						CreatedOnToolsVersion = 15.4;
						SystemCapabilities = {
							com.apple.ApplicationGroups.iOS = {
								enabled = 1;
							};
						};
					};
					60000002 = {
						CreatedOnToolsVersion = 15.4;
						SystemCapabilities = {
							com.apple.ApplicationGroups.iOS = {
								enabled = 1;
							};
						};
					};
				};
			};
			buildConfigurationList = 70000002 /* Build configuration list for PBXProject "MicroSkill" */;
			compatibilityVersion = "Xcode 14.0";
			developmentRegion = en;
			hasScannedForEncodings = 0;
			knownRegions = (
				en,
				Base,
			);
			mainGroup = 50000001;
			productRefGroup = 40000002 /* Products */;
			projectDirPath = "";
			projectRoot = "";
			targets = (
				60000001 /* MicroSkill */,
				60000002 /* MicroSkillWidgetExtension */,
			);
		};
/* End PBXProject section */

/* Begin PBXSourcesBuildPhase section */
		80000001 /* Sources */ = {
			isa = PBXSourcesBuildPhase;
			buildActionMask = 2147483647;
			files = (
				00000001 /* MicroSkillApp.swift in Sources */,
				00000002 /* RootView.swift in Sources */,
				00000003 /* SplashView.swift in Sources */,
				00000004 /* OnboardingView.swift in Sources */,
				00000005 /* HomeView.swift in Sources */,
				00000006 /* DataModels.swift in Sources */,
				00000007 /* MainTabView.swift in Sources */,
				00000008 /* CategoriesView.swift in Sources */,
				00000009 /* LessonListView.swift in Sources */,
				0000000A /* ProgressDashboardView.swift in Sources */,
				0000000B /* SavedView.swift in Sources */,
				0000000C /* ProfileView.swift in Sources */,
				0000000D /* DummyData.swift in Sources */,
				0000000E /* Theme.swift in Sources */,
				0000000F /* CoreDataStack.swift in Sources */,
				00000010 /* DataStore.swift in Sources */,
				00000011 /* LessonDetailView.swift in Sources */,
				00000012 /* QuizView.swift in Sources */,
				00000013 /* LearningPathView.swift in Sources */,
				00000014 /* QuizResultView.swift in Sources */,
				00000015 /* InsightsView.swift in Sources */,
				00000016 /* SettingsView.swift in Sources */,
				00000017 /* NotificationManager.swift in Sources */,
				00000018 /* BiometricAuthManager.swift in Sources */,
				00000026 /* CoreMLLearningPredictor.swift in Sources */,
				00000028 /* AppAccessibilitySettings.swift in Sources */,
				00000020 /* LocationManager.swift in Sources */,
				00000021 /* LearningModel.swift in Sources */,
			);
			runOnlyForDeploymentPostprocessing = 0;
		};
		80000002 /* Sources */ = {
			isa = PBXSourcesBuildPhase;
			buildActionMask = 2147483647;
			files = (
				00000022 /* MicroSkillWidget.swift in Sources */,
				00000023 /* MicroSkillWidgetBundle.swift in Sources */,
			);
			runOnlyForDeploymentPostprocessing = 0;
		};
/* End PBXSourcesBuildPhase section */

/* Begin PBXTargetDependency section */
		60000003 /* PBXTargetDependency */ = {
			isa = PBXTargetDependency;
			target = 60000002 /* MicroSkillWidgetExtension */;
			targetProxy = 60000004 /* PBXContainerItemProxy */;
		};
/* End PBXTargetDependency section */

/* Begin XCBuildConfiguration section */
		70000003 /* Debug */ = {
			isa = XCBuildConfiguration;
			buildSettings = {
				ALWAYS_SEARCH_USER_PATHS = NO;
				CLANG_CXX_LANGUAGE_DIALECT = "gnu++20";
				CLANG_ENABLE_MODULES = YES;
				CLANG_ENABLE_OBJC_ARC = YES;
				COPY_PHASE_STRIP = NO;
				DEBUG_INFORMATION_FORMAT = dwarf;
				ENABLE_STRICT_OBJC_MSGSEND = YES;
				ENABLE_TESTABILITY = YES;
				GCC_OPTIMIZATION_LEVEL = 0;
				IPHONEOS_DEPLOYMENT_TARGET = 17.0;
				SDKROOT = iphoneos;
				SWIFT_VERSION = 5.9;
			};
			name = Debug;
		};
		70000004 /* Release */ = {
			isa = XCBuildConfiguration;
			buildSettings = {
				ALWAYS_SEARCH_USER_PATHS = NO;
				CLANG_CXX_LANGUAGE_DIALECT = "gnu++20";
				CLANG_ENABLE_MODULES = YES;
				CLANG_ENABLE_OBJC_ARC = YES;
				COPY_PHASE_STRIP = YES;
				DEBUG_INFORMATION_FORMAT = "dwarf-with-dsym";
				IPHONEOS_DEPLOYMENT_TARGET = 17.0;
				SDKROOT = iphoneos;
				SWIFT_VERSION = 5.9;
				VALIDATE_PRODUCT = YES;
			};
			name = Release;
		};
		70000005 /* Debug */ = {
			isa = XCBuildConfiguration;
			buildSettings = {
				ASSETCATALOG_COMPILER_APPICON_NAME = AppIcon;
				ASSETCATALOG_COMPILER_GLOBAL_ACCENT_COLOR_NAME = AccentColor;
				CODE_SIGN_ENTITLEMENTS = MicroSkill/MicroSkill.entitlements;
				CODE_SIGN_STYLE = Automatic;
				CURRENT_PROJECT_VERSION = 1;
				ENABLE_TESTABILITY = YES;
				GENERATE_INFOPLIST_FILE = YES;
				INFOPLIST_FILE = MicroSkill/Info.plist;
				INFOPLIST_KEY_UIApplicationSceneManifest_Generation = YES;
				IPHONEOS_DEPLOYMENT_TARGET = 17.0;
				MARKETING_VERSION = 1.0;
				PRODUCT_BUNDLE_IDENTIFIER = com.microskill.app;
				PRODUCT_NAME = "$(TARGET_NAME)";
				SDKROOT = iphoneos;
				SWIFT_VERSION = 5.9;
				TARGETED_DEVICE_FAMILY = "1,2";
			};
			name = Debug;
		};
		70000006 /* Release */ = {
			isa = XCBuildConfiguration;
			buildSettings = {
				ASSETCATALOG_COMPILER_APPICON_NAME = AppIcon;
				ASSETCATALOG_COMPILER_GLOBAL_ACCENT_COLOR_NAME = AccentColor;
				CODE_SIGN_ENTITLEMENTS = MicroSkill/MicroSkill.entitlements;
				CODE_SIGN_STYLE = Automatic;
				CURRENT_PROJECT_VERSION = 1;
				ENABLE_NS_ASSERTIONS = NO;
				GENERATE_INFOPLIST_FILE = YES;
				INFOPLIST_FILE = MicroSkill/Info.plist;
				INFOPLIST_KEY_UIApplicationSceneManifest_Generation = YES;
				IPHONEOS_DEPLOYMENT_TARGET = 17.0;
				MARKETING_VERSION = 1.0;
				PRODUCT_BUNDLE_IDENTIFIER = com.microskill.app;
				PRODUCT_NAME = "$(TARGET_NAME)";
				SDKROOT = iphoneos;
				SWIFT_VERSION = 5.9;
				TARGETED_DEVICE_FAMILY = "1,2";
				VALIDATE_PRODUCT = YES;
			};
			name = Release;
		};
		70000008 /* Debug */ = {
			isa = XCBuildConfiguration;
			buildSettings = {
				APPLICATION_EXTENSION_API_ONLY = YES;
				CODE_SIGN_ENTITLEMENTS = MicroSkill/Widget/MicroSkillWidgetExtension.entitlements;
				CODE_SIGN_STYLE = Automatic;
				CURRENT_PROJECT_VERSION = 1;
				ENABLE_TESTABILITY = YES;
				GENERATE_INFOPLIST_FILE = NO;
				INFOPLIST_FILE = MicroSkill/Widget/Info.plist;
				IPHONEOS_DEPLOYMENT_TARGET = 17.0;
				LD_RUNPATH_SEARCH_PATHS = (
					"$(inherited)",
					"@executable_path/Frameworks",
					"@executable_path/../../Frameworks",
				);
				PRODUCT_BUNDLE_IDENTIFIER = com.microskill.app.MicroSkillWidgetExtension;
				MARKETING_VERSION = 1.0;
				PRODUCT_NAME = "$(TARGET_NAME)";
				SDKROOT = iphoneos;
				SKIP_INSTALL = YES;
				SWIFT_VERSION = 5.9;
				TARGETED_DEVICE_FAMILY = "1,2";
			};
			name = Debug;
		};
		70000009 /* Release */ = {
			isa = XCBuildConfiguration;
			buildSettings = {
				APPLICATION_EXTENSION_API_ONLY = YES;
				CODE_SIGN_ENTITLEMENTS = MicroSkill/Widget/MicroSkillWidgetExtension.entitlements;
				CODE_SIGN_STYLE = Automatic;
				CURRENT_PROJECT_VERSION = 1;
				ENABLE_NS_ASSERTIONS = NO;
				GENERATE_INFOPLIST_FILE = NO;
				INFOPLIST_FILE = MicroSkill/Widget/Info.plist;
				IPHONEOS_DEPLOYMENT_TARGET = 17.0;
				LD_RUNPATH_SEARCH_PATHS = (
					"$(inherited)",
					"@executable_path/Frameworks",
					"@executable_path/../../Frameworks",
				);
				PRODUCT_BUNDLE_IDENTIFIER = com.microskill.app.MicroSkillWidgetExtension;
				MARKETING_VERSION = 1.0;
				PRODUCT_NAME = "$(TARGET_NAME)";
				SDKROOT = iphoneos;
				SKIP_INSTALL = YES;
				SWIFT_VERSION = 5.9;
				TARGETED_DEVICE_FAMILY = "1,2";
				VALIDATE_PRODUCT = YES;
			};
			name = Release;
		};
/* End XCBuildConfiguration section */

/* Begin XCConfigurationList section */
		70000001 /* Build configuration list for PBXNativeTarget "MicroSkill" */ = {
			isa = XCConfigurationList;
			buildConfigurations = (
				70000005 /* Debug */,
				70000006 /* Release */,
			);
			defaultConfigurationIsVisible = 0;
			defaultConfigurationName = Release;
		};
		70000002 /* Build configuration list for PBXProject "MicroSkill" */ = {
			isa = XCConfigurationList;
			buildConfigurations = (
				70000003 /* Debug */,
				70000004 /* Release */,
			);
			defaultConfigurationIsVisible = 0;
			defaultConfigurationName = Release;
		};
		70000007 /* Build configuration list for PBXNativeTarget "MicroSkillWidgetExtension" */ = {
			isa = XCConfigurationList;
			buildConfigurations = (
				70000008 /* Debug */,
				70000009 /* Release */,
			);
			defaultConfigurationIsVisible = 0;
			defaultConfigurationName = Release;
		};
/* End XCConfigurationList section */
	};
	rootObject = 90000001 /* Project object */;
}
